
Microsoft Visual Studio Solution File, Format Version 12.00
# Visual Studio Version 17
VisualStudioVersion = 17.9.34902.65
MinimumVisualStudioVersion = 10.0.40219.1
Project("{FAE04EC0-301F-11D3-BF4B-00C04F79EFBC}") = "CSharp.Shared", "CSharp.Shared.csproj", "{B17BE582-44E6-404E-8475-038F7A34C9A5}"
EndProject
Global
	GlobalSection(SolutionConfigurationPlatforms) = preSolution
		Debug|Any CPU = Debug|Any CPU
		Release|Any CPU = Release|Any CPU
	EndGlobalSection
	GlobalSection(ProjectConfigurationPlatforms) = postSolution
		{B17BE582-44E6-404E-8475-038F7A34C9A5}.Debug|Any CPU.ActiveCfg = Debug|Any CPU
		{B17BE582-44E6-404E-8475-038F7A34C9A5}.Debug|Any CPU.Build.0 = Debug|Any CPU
		{B17BE582-44E6-404E-8475-038F7A34C9A5}.Release|Any CPU.ActiveCfg = Release|Any CPU
		{B17BE582-44E6-404E-8475-038F7A34C9A5}.Release|Any CPU.Build.0 = Release|Any CPU
	EndGlobalSection
	GlobalSection(SolutionProperties) = preSolution
		HideSolutionNode = FALSE
	EndGlobalSection
	GlobalSection(ExtensibilityGlobals) = postSolution
		SolutionGuid = {4860E82A-C4FE-41F3-B52C-96BDEB6AB6B1}
	EndGlobalSection
EndGlobal
